
Microsoft Visual Studio Solution File, Format Version 12.00
# Visual Studio Version 16
VisualStudioVersion = 16.0.31911.196
MinimumVisualStudioVersion = 10.0.40219.1
Project("{FAE04EC0-301F-11D3-BF4B-00C04F79EFBC}") = "WebUygulamaIdentity", "WebUygulamaIdentity\WebUygulamaIdentity.csproj", "{740A70CD-B46C-4841-BBE8-501CBF541304}"
EndProject
Global
	GlobalSection(SolutionConfigurationPlatforms) = preSolution
		Debug|Any CPU = Debug|Any CPU
		Release|Any CPU = Release|Any CPU
	EndGlobalSection
	GlobalSection(ProjectConfigurationPlatforms) = postSolution
		{740A70CD-B46C-4841-BBE8-501CBF541304}.Debug|Any CPU.ActiveCfg = Debug|Any CPU
		{740A70CD-B46C-4841-BBE8-501CBF541304}.Debug|Any CPU.Build.0 = Debug|Any CPU
		{740A70CD-B46C-4841-BBE8-501CBF541304}.Release|Any CPU.ActiveCfg = Release|Any CPU
		{740A70CD-B46C-4841-BBE8-501CBF541304}.Release|Any CPU.Build.0 = Release|Any CPU
	EndGlobalSection
	GlobalSection(SolutionProperties) = preSolution
		HideSolutionNode = FALSE
	EndGlobalSection
	GlobalSection(ExtensibilityGlobals) = postSolution
		SolutionGuid = {550824D1-2F1E-4EFD-AED0-F91940598E9E}
	EndGlobalSection
EndGlobal
